// !$*UTF8*$!
{
	archiveVersion = 1;
	classes = {
	};
	objectVersion = 50;
	objects = {

/* Begin PBXBuildFile section */
		B00DA7EC2339DD86009ACE63 /* MainViewCell.swift in Sources */ = {isa = PBXBuildFile; fileRef = B00DA7EB2339DD86009ACE63 /* MainViewCell.swift */; };
		B00DA7EE2339E2A6009ACE63 /* VerticalStackView+Ext.swift in Sources */ = {isa = PBXBuildFile; fileRef = B00DA7ED2339E2A6009ACE63 /* VerticalStackView+Ext.swift */; };
		B00DA7F02339EC73009ACE63 /* AddEntryViewController.swift in Sources */ = {isa = PBXBuildFile; fileRef = B00DA7EF2339EC73009ACE63 /* AddEntryViewController.swift */; };
		B00DA7F22339F27D009ACE63 /* EntryViewController.swift in Sources */ = {isa = PBXBuildFile; fileRef = B00DA7F12339F27D009ACE63 /* EntryViewController.swift */; };
		B040BE6B233A0FBA002CF6CF /* AddEntryResponse.swift in Sources */ = {isa = PBXBuildFile; fileRef = B040BE6A233A0FBA002CF6CF /* AddEntryResponse.swift */; };
		B040BE6D233A19E6002CF6CF /* UIViewController+Ext.swift in Sources */ = {isa = PBXBuildFile; fileRef = B040BE6C233A19E6002CF6CF /* UIViewController+Ext.swift */; };
		B0FBF11A2339058D00E10865 /* AppDelegate.swift in Sources */ = {isa = PBXBuildFile; fileRef = B0FBF1192339058D00E10865 /* AppDelegate.swift */; };
		B0FBF1232339058E00E10865 /* Assets.xcassets in Resources */ = {isa = PBXBuildFile; fileRef = B0FBF1222339058E00E10865 /* Assets.xcassets */; };
		B0FBF131233907AF00E10865 /* Keys.swift in Sources */ = {isa = PBXBuildFile; fileRef = B0FBF130233907AF00E10865 /* Keys.swift */; };
		B0FBF1342339087200E10865 /* AuthenticationManager.swift in Sources */ = {isa = PBXBuildFile; fileRef = B0FBF1332339087200E10865 /* AuthenticationManager.swift */; };
		B0FBF13923390C2000E10865 /* Constants.swift in Sources */ = {isa = PBXBuildFile; fileRef = B0FBF13823390C2000E10865 /* Constants.swift */; };
		B0FBF13B23390CF600E10865 /* APIService.swift in Sources */ = {isa = PBXBuildFile; fileRef = B0FBF13A23390CF600E10865 /* APIService.swift */; };
		B0FBF13F23391C3D00E10865 /* MainViewController.swift in Sources */ = {isa = PBXBuildFile; fileRef = B0FBF13E23391C3D00E10865 /* MainViewController.swift */; };
		B0FBF14223391D3A00E10865 /* UIView+Layout.swift in Sources */ = {isa = PBXBuildFile; fileRef = B0FBF14123391D3A00E10865 /* UIView+Layout.swift */; };
		B0FBF14623392B9800E10865 /* SplashViewController.swift in Sources */ = {isa = PBXBuildFile; fileRef = B0FBF14523392B9800E10865 /* SplashViewController.swift */; };
		B0FBF1482339311700E10865 /* RootViewController.swift in Sources */ = {isa = PBXBuildFile; fileRef = B0FBF1472339311700E10865 /* RootViewController.swift */; };
		B0FBF149233932B400E10865 /* Binet.plist in Resources */ = {isa = PBXBuildFile; fileRef = B0FBF12D2339076A00E10865 /* Binet.plist */; };
		B0FBF14B2339344A00E10865 /* Session.swift in Sources */ = {isa = PBXBuildFile; fileRef = B0FBF14A2339344A00E10865 /* Session.swift */; };
		B0FBF14F233976C800E10865 /* EntryResponse.swift in Sources */ = {isa = PBXBuildFile; fileRef = B0FBF14E233976C800E10865 /* EntryResponse.swift */; };
		B0FBF1512339787E00E10865 /* ErrorResponse.swift in Sources */ = {isa = PBXBuildFile; fileRef = B0FBF1502339787E00E10865 /* ErrorResponse.swift */; };
/* End PBXBuildFile section */

/* Begin PBXFileReference section */
		B00DA7EB2339DD86009ACE63 /* MainViewCell.swift */ = {isa = PBXFileReference; lastKnownFileType = sourcecode.swift; path = MainViewCell.swift; sourceTree = "<group>"; };
		B00DA7ED2339E2A6009ACE63 /* VerticalStackView+Ext.swift */ = {isa = PBXFileReference; lastKnownFileType = sourcecode.swift; path = "VerticalStackView+Ext.swift"; sourceTree = "<group>"; };
		B00DA7EF2339EC73009ACE63 /* AddEntryViewController.swift */ = {isa = PBXFileReference; lastKnownFileType = sourcecode.swift; path = AddEntryViewController.swift; sourceTree = "<group>"; };
		B00DA7F12339F27D009ACE63 /* EntryViewController.swift */ = {isa = PBXFileReference; lastKnownFileType = sourcecode.swift; path = EntryViewController.swift; sourceTree = "<group>"; };
		B040BE6A233A0FBA002CF6CF /* AddEntryResponse.swift */ = {isa = PBXFileReference; lastKnownFileType = sourcecode.swift; path = AddEntryResponse.swift; sourceTree = "<group>"; };
		B040BE6C233A19E6002CF6CF /* UIViewController+Ext.swift */ = {isa = PBXFileReference; lastKnownFileType = sourcecode.swift; path = "UIViewController+Ext.swift"; sourceTree = "<group>"; };
		B0FBF1162339058D00E10865 /* binet-task.app */ = {isa = PBXFileReference; explicitFileType = wrapper.application; includeInIndex = 0; path = "binet-task.app"; sourceTree = BUILT_PRODUCTS_DIR; };
		B0FBF1192339058D00E10865 /* AppDelegate.swift */ = {isa = PBXFileReference; lastKnownFileType = sourcecode.swift; path = AppDelegate.swift; sourceTree = "<group>"; };
		B0FBF1222339058E00E10865 /* Assets.xcassets */ = {isa = PBXFileReference; lastKnownFileType = folder.assetcatalog; path = Assets.xcassets; sourceTree = "<group>"; };
		B0FBF1272339058E00E10865 /* Info.plist */ = {isa = PBXFileReference; lastKnownFileType = text.plist.xml; path = Info.plist; sourceTree = "<group>"; };
		B0FBF12D2339076A00E10865 /* Binet.plist */ = {isa = PBXFileReference; lastKnownFileType = text.plist.xml; path = Binet.plist; sourceTree = "<group>"; };
		B0FBF130233907AF00E10865 /* Keys.swift */ = {isa = PBXFileReference; lastKnownFileType = sourcecode.swift; path = Keys.swift; sourceTree = "<group>"; };
		B0FBF1332339087200E10865 /* AuthenticationManager.swift */ = {isa = PBXFileReference; lastKnownFileType = sourcecode.swift; path = AuthenticationManager.swift; sourceTree = "<group>"; };
		B0FBF13823390C2000E10865 /* Constants.swift */ = {isa = PBXFileReference; lastKnownFileType = sourcecode.swift; path = Constants.swift; sourceTree = "<group>"; };
		B0FBF13A23390CF600E10865 /* APIService.swift */ = {isa = PBXFileReference; lastKnownFileType = sourcecode.swift; path = APIService.swift; sourceTree = "<group>"; };
		B0FBF13E23391C3D00E10865 /* MainViewController.swift */ = {isa = PBXFileReference; lastKnownFileType = sourcecode.swift; path = MainViewController.swift; sourceTree = "<group>"; };
		B0FBF14123391D3A00E10865 /* UIView+Layout.swift */ = {isa = PBXFileReference; lastKnownFileType = sourcecode.swift; path = "UIView+Layout.swift"; sourceTree = "<group>"; };
		B0FBF14523392B9800E10865 /* SplashViewController.swift */ = {isa = PBXFileReference; lastKnownFileType = sourcecode.swift; path = SplashViewController.swift; sourceTree = "<group>"; };
		B0FBF1472339311700E10865 /* RootViewController.swift */ = {isa = PBXFileReference; lastKnownFileType = sourcecode.swift; path = RootViewController.swift; sourceTree = "<group>"; };
		B0FBF14A2339344A00E10865 /* Session.swift */ = {isa = PBXFileReference; lastKnownFileType = sourcecode.swift; path = Session.swift; sourceTree = "<group>"; };
		B0FBF14E233976C800E10865 /* EntryResponse.swift */ = {isa = PBXFileReference; lastKnownFileType = sourcecode.swift; path = EntryResponse.swift; sourceTree = "<group>"; };
		B0FBF1502339787E00E10865 /* ErrorResponse.swift */ = {isa = PBXFileReference; lastKnownFileType = sourcecode.swift; path = ErrorResponse.swift; sourceTree = "<group>"; };
/* End PBXFileReference section */

/* Begin PBXFrameworksBuildPhase section */
		B0FBF1132339058D00E10865 /* Frameworks */ = {
			isa = PBXFrameworksBuildPhase;
			buildActionMask = 2147483647;
			files = (
			);
			runOnlyForDeploymentPostprocessing = 0;
		};
/* End PBXFrameworksBuildPhase section */

/* Begin PBXGroup section */
		B00DA7EA2339DD6A009ACE63 /* View */ = {
			isa = PBXGroup;
			children = (
				B00DA7EB2339DD86009ACE63 /* MainViewCell.swift */,
			);
			path = View;
			sourceTree = "<group>";
		};
		B0FBF10D2339058D00E10865 = {
			isa = PBXGroup;
			children = (
				B0FBF1182339058D00E10865 /* binet-task */,
				B0FBF1172339058D00E10865 /* Products */,
			);
			sourceTree = "<group>";
		};
		B0FBF1172339058D00E10865 /* Products */ = {
			isa = PBXGroup;
			children = (
				B0FBF1162339058D00E10865 /* binet-task.app */,
			);
			name = Products;
			sourceTree = "<group>";
		};
		B0FBF1182339058D00E10865 /* binet-task */ = {
			isa = PBXGroup;
			children = (
				B0FBF13523390BC700E10865 /* API */,
				B00DA7EA2339DD6A009ACE63 /* View */,
				B0FBF13D23391BE000E10865 /* Controller */,
				B0FBF13C23391A5700E10865 /* Resources */,
				B0FBF1322339082200E10865 /* Managers */,
				B0FBF12F2339079B00E10865 /* Model */,
				B0FBF14023391D2F00E10865 /* Helper */,
				B0FBF1192339058D00E10865 /* AppDelegate.swift */,
				B0FBF12D2339076A00E10865 /* Binet.plist */,
			);
			path = "binet-task";
			sourceTree = "<group>";
		};
		B0FBF12F2339079B00E10865 /* Model */ = {
			isa = PBXGroup;
			children = (
				B0FBF130233907AF00E10865 /* Keys.swift */,
				B0FBF14A2339344A00E10865 /* Session.swift */,
				B0FBF14E233976C800E10865 /* EntryResponse.swift */,
				B0FBF1502339787E00E10865 /* ErrorResponse.swift */,
				B040BE6A233A0FBA002CF6CF /* AddEntryResponse.swift */,
			);
			path = Model;
			sourceTree = "<group>";
		};
		B0FBF1322339082200E10865 /* Managers */ = {
			isa = PBXGroup;
			children = (
				B0FBF1332339087200E10865 /* AuthenticationManager.swift */,
			);
			path = Managers;
			sourceTree = "<group>";
		};
		B0FBF13523390BC700E10865 /* API */ = {
			isa = PBXGroup;
			children = (
				B0FBF13823390C2000E10865 /* Constants.swift */,
				B0FBF13A23390CF600E10865 /* APIService.swift */,
			);
			path = API;
			sourceTree = "<group>";
		};
		B0FBF13C23391A5700E10865 /* Resources */ = {
			isa = PBXGroup;
			children = (
				B0FBF1222339058E00E10865 /* Assets.xcassets */,
				B0FBF1272339058E00E10865 /* Info.plist */,
			);
			path = Resources;
			sourceTree = "<group>";
		};
		B0FBF13D23391BE000E10865 /* Controller */ = {
			isa = PBXGroup;
			children = (
				B0FBF13E23391C3D00E10865 /* MainViewController.swift */,
				B00DA7EF2339EC73009ACE63 /* AddEntryViewController.swift */,
				B0FBF14523392B9800E10865 /* SplashViewController.swift */,
				B0FBF1472339311700E10865 /* RootViewController.swift */,
				B00DA7F12339F27D009ACE63 /* EntryViewController.swift */,
			);
			path = Controller;
			sourceTree = "<group>";
		};
		B0FBF14023391D2F00E10865 /* Helper */ = {
			isa = PBXGroup;
			children = (
				B0FBF14123391D3A00E10865 /* UIView+Layout.swift */,
				B00DA7ED2339E2A6009ACE63 /* VerticalStackView+Ext.swift */,
				B040BE6C233A19E6002CF6CF /* UIViewController+Ext.swift */,
			);
			path = Helper;
			sourceTree = "<group>";
		};
/* End PBXGroup section */

/* Begin PBXNativeTarget section */
		B0FBF1152339058D00E10865 /* binet-task */ = {
			isa = PBXNativeTarget;
			buildConfigurationList = B0FBF12A2339058E00E10865 /* Build configuration list for PBXNativeTarget "binet-task" */;
			buildPhases = (
				B0FBF1122339058D00E10865 /* Sources */,
				B0FBF1132339058D00E10865 /* Frameworks */,
				B0FBF1142339058D00E10865 /* Resources */,
			);
			buildRules = (
			);
			dependencies = (
			);
			name = "binet-task";
			productName = "binet-task";
			productReference = B0FBF1162339058D00E10865 /* binet-task.app */;
			productType = "com.apple.product-type.application";
		};
/* End PBXNativeTarget section */

/* Begin PBXProject section */
		B0FBF10E2339058D00E10865 /* Project object */ = {
			isa = PBXProject;
			attributes = {
				LastSwiftUpdateCheck = 1100;
				LastUpgradeCheck = 1100;
				ORGANIZATIONNAME = "Maksim Nosov";
				TargetAttributes = {
					B0FBF1152339058D00E10865 = {
						CreatedOnToolsVersion = 11.0;
					};
				};
			};
			buildConfigurationList = B0FBF1112339058D00E10865 /* Build configuration list for PBXProject "binet-task" */;
			compatibilityVersion = "Xcode 9.3";
			developmentRegion = en;
			hasScannedForEncodings = 0;
			knownRegions = (
				en,
				Base,
			);
			mainGroup = B0FBF10D2339058D00E10865;
			productRefGroup = B0FBF1172339058D00E10865 /* Products */;
			projectDirPath = "";
			projectRoot = "";
			targets = (
				B0FBF1152339058D00E10865 /* binet-task */,
			);
		};
/* End PBXProject section */

/* Begin PBXResourcesBuildPhase section */
		B0FBF1142339058D00E10865 /* Resources */ = {
			isa = PBXResourcesBuildPhase;
			buildActionMask = 2147483647;
			files = (
				B0FBF149233932B400E10865 /* Binet.plist in Resources */,
				B0FBF1232339058E00E10865 /* Assets.xcassets in Resources */,
			);
			runOnlyForDeploymentPostprocessing = 0;
		};
/* End PBXResourcesBuildPhase section */

/* Begin PBXSourcesBuildPhase section */
		B0FBF1122339058D00E10865 /* Sources */ = {
			isa = PBXSourcesBuildPhase;
			buildActionMask = 2147483647;
			files = (
				B0FBF14B2339344A00E10865 /* Session.swift in Sources */,
				B0FBF13B23390CF600E10865 /* APIService.swift in Sources */,
				B0FBF131233907AF00E10865 /* Keys.swift in Sources */,
				B00DA7F02339EC73009ACE63 /* AddEntryViewController.swift in Sources */,
				B0FBF14F233976C800E10865 /* EntryResponse.swift in Sources */,
				B00DA7F22339F27D009ACE63 /* EntryViewController.swift in Sources */,
				B0FBF1482339311700E10865 /* RootViewController.swift in Sources */,
				B0FBF1342339087200E10865 /* AuthenticationManager.swift in Sources */,
				B040BE6D233A19E6002CF6CF /* UIViewController+Ext.swift in Sources */,
				B040BE6B233A0FBA002CF6CF /* AddEntryResponse.swift in Sources */,
				B00DA7EC2339DD86009ACE63 /* MainViewCell.swift in Sources */,
				B00DA7EE2339E2A6009ACE63 /* VerticalStackView+Ext.swift in Sources */,
				B0FBF11A2339058D00E10865 /* AppDelegate.swift in Sources */,
				B0FBF14223391D3A00E10865 /* UIView+Layout.swift in Sources */,
				B0FBF13923390C2000E10865 /* Constants.swift in Sources */,
				B0FBF13F23391C3D00E10865 /* MainViewController.swift in Sources */,
				B0FBF14623392B9800E10865 /* SplashViewController.swift in Sources */,
				B0FBF1512339787E00E10865 /* ErrorResponse.swift in Sources */,
			);
			runOnlyForDeploymentPostprocessing = 0;
		};
/* End PBXSourcesBuildPhase section */

/* Begin XCBuildConfiguration section */
		B0FBF1282339058E00E10865 /* Debug */ = {
			isa = XCBuildConfiguration;
			buildSettings = {
				ALWAYS_SEARCH_USER_PATHS = NO;
				CLANG_ANALYZER_NONNULL = YES;
				CLANG_ANALYZER_NUMBER_OBJECT_CONVERSION = YES_AGGRESSIVE;
				CLANG_CXX_LANGUAGE_STANDARD = "gnu++14";
				CLANG_CXX_LIBRARY = "libc++";
				CLANG_ENABLE_MODULES = YES;
				CLANG_ENABLE_OBJC_ARC = YES;
				CLANG_ENABLE_OBJC_WEAK = YES;
				CLANG_WARN_BLOCK_CAPTURE_AUTORELEASING = YES;
				CLANG_WARN_BOOL_CONVERSION = YES;
				CLANG_WARN_COMMA = YES;
				CLANG_WARN_CONSTANT_CONVERSION = YES;
				CLANG_WARN_DEPRECATED_OBJC_IMPLEMENTATIONS = YES;
				CLANG_WARN_DIRECT_OBJC_ISA_USAGE = YES_ERROR;
				CLANG_WARN_DOCUMENTATION_COMMENTS = YES;
				CLANG_WARN_EMPTY_BODY = YES;
				CLANG_WARN_ENUM_CONVERSION = YES;
				CLANG_WARN_INFINITE_RECURSION = YES;
				CLANG_WARN_INT_CONVERSION = YES;
				CLANG_WARN_NON_LITERAL_NULL_CONVERSION = YES;
				CLANG_WARN_OBJC_IMPLICIT_RETAIN_SELF = YES;
				CLANG_WARN_OBJC_LITERAL_CONVERSION = YES;
				CLANG_WARN_OBJC_ROOT_CLASS = YES_ERROR;
				CLANG_WARN_RANGE_LOOP_ANALYSIS = YES;
				CLANG_WARN_STRICT_PROTOTYPES = YES;
				CLANG_WARN_SUSPICIOUS_MOVE = YES;
				CLANG_WARN_UNGUARDED_AVAILABILITY = YES_AGGRESSIVE;
				CLANG_WARN_UNREACHABLE_CODE = YES;
				CLANG_WARN__DUPLICATE_METHOD_MATCH = YES;
				COPY_PHASE_STRIP = NO;
				DEBUG_INFORMATION_FORMAT = dwarf;
				ENABLE_STRICT_OBJC_MSGSEND = YES;
				ENABLE_TESTABILITY = YES;
				GCC_C_LANGUAGE_STANDARD = gnu11;
				GCC_DYNAMIC_NO_PIC = NO;
				GCC_NO_COMMON_BLOCKS = YES;
				GCC_OPTIMIZATION_LEVEL = 0;
				GCC_PREPROCESSOR_DEFINITIONS = (
					"DEBUG=1",
					"$(inherited)",
				);
				GCC_WARN_64_TO_32_BIT_CONVERSION = YES;
				GCC_WARN_ABOUT_RETURN_TYPE = YES_ERROR;
				GCC_WARN_UNDECLARED_SELECTOR = YES;
				GCC_WARN_UNINITIALIZED_AUTOS = YES_AGGRESSIVE;
				GCC_WARN_UNUSED_FUNCTION = YES;
				GCC_WARN_UNUSED_VARIABLE = YES;
				IPHONEOS_DEPLOYMENT_TARGET = 12.4;
				MTL_ENABLE_DEBUG_INFO = INCLUDE_SOURCE;
				MTL_FAST_MATH = YES;
				ONLY_ACTIVE_ARCH = YES;
				SDKROOT = iphoneos;
				SWIFT_ACTIVE_COMPILATION_CONDITIONS = DEBUG;
				SWIFT_OPTIMIZATION_LEVEL = "-Onone";
			};
			name = Debug;
		};
		B0FBF1292339058E00E10865 /* Release */ = {
			isa = XCBuildConfiguration;
			buildSettings = {
				ALWAYS_SEARCH_USER_PATHS = NO;
				CLANG_ANALYZER_NONNULL = YES;
				CLANG_ANALYZER_NUMBER_OBJECT_CONVERSION = YES_AGGRESSIVE;
				CLANG_CXX_LANGUAGE_STANDARD = "gnu++14";
				CLANG_CXX_LIBRARY = "libc++";
				CLANG_ENABLE_MODULES = YES;
				CLANG_ENABLE_OBJC_ARC = YES;
				CLANG_ENABLE_OBJC_WEAK = YES;
				CLANG_WARN_BLOCK_CAPTURE_AUTORELEASING = YES;
				CLANG_WARN_BOOL_CONVERSION = YES;
				CLANG_WARN_COMMA = YES;
				CLANG_WARN_CONSTANT_CONVERSION = YES;
				CLANG_WARN_DEPRECATED_OBJC_IMPLEMENTATIONS = YES;
				CLANG_WARN_DIRECT_OBJC_ISA_USAGE = YES_ERROR;
				CLANG_WARN_DOCUMENTATION_COMMENTS = YES;
				CLANG_WARN_EMPTY_BODY = YES;
				CLANG_WARN_ENUM_CONVERSION = YES;
				CLANG_WARN_INFINITE_RECURSION = YES;
				CLANG_WARN_INT_CONVERSION = YES;
				CLANG_WARN_NON_LITERAL_NULL_CONVERSION = YES;
				CLANG_WARN_OBJC_IMPLICIT_RETAIN_SELF = YES;
				CLANG_WARN_OBJC_LITERAL_CONVERSION = YES;
				CLANG_WARN_OBJC_ROOT_CLASS = YES_ERROR;
				CLANG_WARN_RANGE_LOOP_ANALYSIS = YES;
				CLANG_WARN_STRICT_PROTOTYPES = YES;
				CLANG_WARN_SUSPICIOUS_MOVE = YES;
				CLANG_WARN_UNGUARDED_AVAILABILITY = YES_AGGRESSIVE;
				CLANG_WARN_UNREACHABLE_CODE = YES;
				CLANG_WARN__DUPLICATE_METHOD_MATCH = YES;
				COPY_PHASE_STRIP = NO;
				DEBUG_INFORMATION_FORMAT = "dwarf-with-dsym";
				ENABLE_NS_ASSERTIONS = NO;
				ENABLE_STRICT_OBJC_MSGSEND = YES;
				GCC_C_LANGUAGE_STANDARD = gnu11;
				GCC_NO_COMMON_BLOCKS = YES;
				GCC_WARN_64_TO_32_BIT_CONVERSION = YES;
				GCC_WARN_ABOUT_RETURN_TYPE = YES_ERROR;
				GCC_WARN_UNDECLARED_SELECTOR = YES;
				GCC_WARN_UNINITIALIZED_AUTOS = YES_AGGRESSIVE;
				GCC_WARN_UNUSED_FUNCTION = YES;
				GCC_WARN_UNUSED_VARIABLE = YES;
				IPHONEOS_DEPLOYMENT_TARGET = 12.4;
				MTL_ENABLE_DEBUG_INFO = NO;
				MTL_FAST_MATH = YES;
				SDKROOT = iphoneos;
				SWIFT_COMPILATION_MODE = wholemodule;
				SWIFT_OPTIMIZATION_LEVEL = "-O";
				VALIDATE_PRODUCT = YES;
			};
			name = Release;
		};
		B0FBF12B2339058E00E10865 /* Debug */ = {
			isa = XCBuildConfiguration;
			buildSettings = {
				ASSETCATALOG_COMPILER_APPICON_NAME = AppIcon;
				CODE_SIGN_STYLE = Automatic;
				DEVELOPMENT_TEAM = RXJ69EWCMT;
				INFOPLIST_FILE = "binet-task/Resources/Info.plist";
				LD_RUNPATH_SEARCH_PATHS = (
					"$(inherited)",
					"@executable_path/Frameworks",
				);
				PRODUCT_BUNDLE_IDENTIFIER = "ozolc.binet-task";
				PRODUCT_NAME = "$(TARGET_NAME)";
				SWIFT_VERSION = 5.0;
				TARGETED_DEVICE_FAMILY = 1;
			};
			name = Debug;
		};
		B0FBF12C2339058E00E10865 /* Release */ = {
			isa = XCBuildConfiguration;
			buildSettings = {
				ASSETCATALOG_COMPILER_APPICON_NAME = AppIcon;
				CODE_SIGN_STYLE = Automatic;
				DEVELOPMENT_TEAM = RXJ69EWCMT;
				INFOPLIST_FILE = "binet-task/Resources/Info.plist";
				LD_RUNPATH_SEARCH_PATHS = (
					"$(inherited)",
					"@executable_path/Frameworks",
				);
				PRODUCT_BUNDLE_IDENTIFIER = "ozolc.binet-task";
				PRODUCT_NAME = "$(TARGET_NAME)";
				SWIFT_VERSION = 5.0;
				TARGETED_DEVICE_FAMILY = 1;
			};
			name = Release;
		};
/* End XCBuildConfiguration section */

/* Begin XCConfigurationList section */
		B0FBF1112339058D00E10865 /* Build configuration list for PBXProject "binet-task" */ = {
			isa = XCConfigurationList;
			buildConfigurations = (
				B0FBF1282339058E00E10865 /* Debug */,
				B0FBF1292339058E00E10865 /* Release */,
			);
			defaultConfigurationIsVisible = 0;
			defaultConfigurationName = Release;
		};
		B0FBF12A2339058E00E10865 /* Build configuration list for PBXNativeTarget "binet-task" */ = {
			isa = XCConfigurationList;
			buildConfigurations = (
				B0FBF12B2339058E00E10865 /* Debug */,
				B0FBF12C2339058E00E10865 /* Release */,
			);
			defaultConfigurationIsVisible = 0;
			defaultConfigurationName = Release;
		};
/* End XCConfigurationList section */
	};
	rootObject = B0FBF10E2339058D00E10865 /* Project object */;
}
